{
  "name": "quran-cli",
  "version": "0.0.14",
  "lockfileVersion": 1,
  "requires": true,
  "dependencies": {
    "elasticlunr": {
      "version": "0.9.5",
      "resolved": "https://registry.npmjs.org/elasticlunr/-/elasticlunr-0.9.5.tgz",
      "integrity": "sha1-ZVQbswnd3Qz5Ty0ciGGyvmUbsNU="
    },
    "tanzil": {
      "version": "0.0.18",
      "resolved": "https://registry.npmjs.org/tanzil/-/tanzil-0.0.18.tgz",
      "integrity": "sha512-fyE+zbXCSsRbktKWY2fBd58HHup1gjxVSDKImfZ33/Z5Jbi4+5xA29UWnO+G3O2I+8uADiuNMp7OGNK19hEOxw==",
      "requires": {
        "elasticlunr": "0.9.5"
      }
    }
  }
}
