{
  "name": "quran-cli",
  "version": "0.0.13",
  "lockfileVersion": 1,
  "requires": true,
  "dependencies": {
    "elasticlunr": {
      "version": "0.9.5",
      "resolved": "https://registry.npmjs.org/elasticlunr/-/elasticlunr-0.9.5.tgz",
      "integrity": "sha1-ZVQbswnd3Qz5Ty0ciGGyvmUbsNU="
    },
    "tanzil": {
      "version": "0.0.16",
      "resolved": "https://registry.npmjs.org/tanzil/-/tanzil-0.0.16.tgz",
      "integrity": "sha512-lMqCIw7UI6rEs2VDz/ZMag7IODN31iMyCacf3QTq8TpvfBPNgRbjueocdvwHqgatCoZVSvQCenD5VUMCzsDgHA==",
      "requires": {
        "elasticlunr": "0.9.5"
      }
    }
  }
}
