{
  "name": "quran-cli",
  "version": "0.0.1",
  "lockfileVersion": 1,
  "requires": true,
  "dependencies": {
    "elasticlunr": {
      "version": "0.9.5",
      "resolved": "https://registry.npmjs.org/elasticlunr/-/elasticlunr-0.9.5.tgz",
      "integrity": "sha1-ZVQbswnd3Qz5Ty0ciGGyvmUbsNU="
    },
    "stdio": {
      "version": "0.2.7",
      "resolved": "https://registry.npmjs.org/stdio/-/stdio-0.2.7.tgz",
      "integrity": "sha1-ocV9oQ/hz6oMO/aDydB0PRtmCDk="
    }
  }
}
